// !$*UTF8*$!
{
	archiveVersion = 1;
	classes = {
	};
	objectVersion = 51;
	objects = {

/* Begin PBXBuildFile section */
		37DACB8658307B160E10C5C5 /* Pods_2MemoryTest.framework in Frameworks */ = {isa = PBXBuildFile; fileRef = B39956D4FC2320F1649F12B4 /* Pods_2MemoryTest.framework */; };
		C76CA6BC26A9D3160037FB24 /* AppDelegate.swift in Sources */ = {isa = PBXBuildFile; fileRef = C76CA6BB26A9D3160037FB24 /* AppDelegate.swift */; };
		C76CA6C026A9D3160037FB24 /* MainViewController.swift in Sources */ = {isa = PBXBuildFile; fileRef = C76CA6BF26A9D3160037FB24 /* MainViewController.swift */; };
		C76CA6C526A9D3170037FB24 /* Assets.xcassets in Resources */ = {isa = PBXBuildFile; fileRef = C76CA6C426A9D3170037FB24 /* Assets.xcassets */; };
		C76CA6C826A9D3170037FB24 /* LaunchScreen.storyboard in Resources */ = {isa = PBXBuildFile; fileRef = C76CA6C626A9D3170037FB24 /* LaunchScreen.storyboard */; };
		C76CA6D026A9D9CB0037FB24 /* ContactCell.swift in Sources */ = {isa = PBXBuildFile; fileRef = C76CA6CF26A9D9CB0037FB24 /* ContactCell.swift */; };
/* End PBXBuildFile section */

/* Begin PBXFileReference section */
		05A2AA0B9756A7A9EB9A61B4 /* Pods-2MemoryTest.release.xcconfig */ = {isa = PBXFileReference; includeInIndex = 1; lastKnownFileType = text.xcconfig; name = "Pods-2MemoryTest.release.xcconfig"; path = "Target Support Files/Pods-2MemoryTest/Pods-2MemoryTest.release.xcconfig"; sourceTree = "<group>"; };
		B39956D4FC2320F1649F12B4 /* Pods_2MemoryTest.framework */ = {isa = PBXFileReference; explicitFileType = wrapper.framework; includeInIndex = 0; path = Pods_2MemoryTest.framework; sourceTree = BUILT_PRODUCTS_DIR; };
		C76CA6B826A9D3160037FB24 /* 2MemoryTest.app */ = {isa = PBXFileReference; explicitFileType = wrapper.application; includeInIndex = 0; path = 2MemoryTest.app; sourceTree = BUILT_PRODUCTS_DIR; };
		C76CA6BB26A9D3160037FB24 /* AppDelegate.swift */ = {isa = PBXFileReference; lastKnownFileType = sourcecode.swift; path = AppDelegate.swift; sourceTree = "<group>"; };
		C76CA6BF26A9D3160037FB24 /* MainViewController.swift */ = {isa = PBXFileReference; lastKnownFileType = sourcecode.swift; path = MainViewController.swift; sourceTree = "<group>"; };
		C76CA6C426A9D3170037FB24 /* Assets.xcassets */ = {isa = PBXFileReference; lastKnownFileType = folder.assetcatalog; path = Assets.xcassets; sourceTree = "<group>"; };
		C76CA6C726A9D3170037FB24 /* Base */ = {isa = PBXFileReference; lastKnownFileType = file.storyboard; name = Base; path = Base.lproj/LaunchScreen.storyboard; sourceTree = "<group>"; };
		C76CA6C926A9D3170037FB24 /* Info.plist */ = {isa = PBXFileReference; lastKnownFileType = text.plist.xml; path = Info.plist; sourceTree = "<group>"; };
		C76CA6CF26A9D9CB0037FB24 /* ContactCell.swift */ = {isa = PBXFileReference; lastKnownFileType = sourcecode.swift; path = ContactCell.swift; sourceTree = "<group>"; };
		D083F6A1428B7732DF52F1FD /* Pods-2MemoryTest.debug.xcconfig */ = {isa = PBXFileReference; includeInIndex = 1; lastKnownFileType = text.xcconfig; name = "Pods-2MemoryTest.debug.xcconfig"; path = "Target Support Files/Pods-2MemoryTest/Pods-2MemoryTest.debug.xcconfig"; sourceTree = "<group>"; };
/* End PBXFileReference section */

/* Begin PBXFrameworksBuildPhase section */
		C76CA6B526A9D3160037FB24 /* Frameworks */ = {
			isa = PBXFrameworksBuildPhase;
			buildActionMask = 2147483647;
			files = (
				37DACB8658307B160E10C5C5 /* Pods_2MemoryTest.framework in Frameworks */,
			);
			runOnlyForDeploymentPostprocessing = 0;
		};
/* End PBXFrameworksBuildPhase section */

/* Begin PBXGroup section */
		13D35790EB1D62435D072CB0 /* Frameworks */ = {
			isa = PBXGroup;
			children = (
				B39956D4FC2320F1649F12B4 /* Pods_2MemoryTest.framework */,
			);
			name = Frameworks;
			sourceTree = "<group>";
		};
		7483C18B56A17FA8D3FC17A6 /* Pods */ = {
			isa = PBXGroup;
			children = (
				D083F6A1428B7732DF52F1FD /* Pods-2MemoryTest.debug.xcconfig */,
				05A2AA0B9756A7A9EB9A61B4 /* Pods-2MemoryTest.release.xcconfig */,
			);
			path = Pods;
			sourceTree = "<group>";
		};
		C76CA6AF26A9D3160037FB24 = {
			isa = PBXGroup;
			children = (
				C76CA6BA26A9D3160037FB24 /* 2MemoryTest */,
				C76CA6B926A9D3160037FB24 /* Products */,
				7483C18B56A17FA8D3FC17A6 /* Pods */,
				13D35790EB1D62435D072CB0 /* Frameworks */,
			);
			sourceTree = "<group>";
		};
		C76CA6B926A9D3160037FB24 /* Products */ = {
			isa = PBXGroup;
			children = (
				C76CA6B826A9D3160037FB24 /* 2MemoryTest.app */,
			);
			name = Products;
			sourceTree = "<group>";
		};
		C76CA6BA26A9D3160037FB24 /* 2MemoryTest */ = {
			isa = PBXGroup;
			children = (
				C76CA6BB26A9D3160037FB24 /* AppDelegate.swift */,
				C76CA6BF26A9D3160037FB24 /* MainViewController.swift */,
				C76CA6C426A9D3170037FB24 /* Assets.xcassets */,
				C76CA6C626A9D3170037FB24 /* LaunchScreen.storyboard */,
				C76CA6C926A9D3170037FB24 /* Info.plist */,
				C76CA6CF26A9D9CB0037FB24 /* ContactCell.swift */,
			);
			path = 2MemoryTest;
			sourceTree = "<group>";
		};
/* End PBXGroup section */

/* Begin PBXNativeTarget section */
		C76CA6B726A9D3160037FB24 /* 2MemoryTest */ = {
			isa = PBXNativeTarget;
			buildConfigurationList = C76CA6CC26A9D3170037FB24 /* Build configuration list for PBXNativeTarget "2MemoryTest" */;
			buildPhases = (
				897CEAA711E88310E450D34F /* [CP] Check Pods Manifest.lock */,
				C76CA6B426A9D3160037FB24 /* Sources */,
				C76CA6B526A9D3160037FB24 /* Frameworks */,
				C76CA6B626A9D3160037FB24 /* Resources */,
				DA61D5B78167C2A2E2F6E6C7 /* [CP] Embed Pods Frameworks */,
			);
			buildRules = (
			);
			dependencies = (
			);
			name = 2MemoryTest;
			productName = 2MemoryTest;
			productReference = C76CA6B826A9D3160037FB24 /* 2MemoryTest.app */;
			productType = "com.apple.product-type.application";
		};
/* End PBXNativeTarget section */

/* Begin PBXProject section */
		C76CA6B026A9D3160037FB24 /* Project object */ = {
			isa = PBXProject;
			attributes = {
				LastSwiftUpdateCheck = 1250;
				LastUpgradeCheck = 1250;
				TargetAttributes = {
					C76CA6B726A9D3160037FB24 = {
						CreatedOnToolsVersion = 12.5.1;
					};
				};
			};
			buildConfigurationList = C76CA6B326A9D3160037FB24 /* Build configuration list for PBXProject "2MemoryTest" */;
			compatibilityVersion = "Xcode 9.3";
			developmentRegion = en;
			hasScannedForEncodings = 0;
			knownRegions = (
				en,
				Base,
			);
			mainGroup = C76CA6AF26A9D3160037FB24;
			productRefGroup = C76CA6B926A9D3160037FB24 /* Products */;
			projectDirPath = "";
			projectRoot = "";
			targets = (
				C76CA6B726A9D3160037FB24 /* 2MemoryTest */,
			);
		};
/* End PBXProject section */

/* Begin PBXResourcesBuildPhase section */
		C76CA6B626A9D3160037FB24 /* Resources */ = {
			isa = PBXResourcesBuildPhase;
			buildActionMask = 2147483647;
			files = (
				C76CA6C826A9D3170037FB24 /* LaunchScreen.storyboard in Resources */,
				C76CA6C526A9D3170037FB24 /* Assets.xcassets in Resources */,
			);
			runOnlyForDeploymentPostprocessing = 0;
		};
/* End PBXResourcesBuildPhase section */

/* Begin PBXShellScriptBuildPhase section */
		897CEAA711E88310E450D34F /* [CP] Check Pods Manifest.lock */ = {
			isa = PBXShellScriptBuildPhase;
			buildActionMask = 2147483647;
			files = (
			);
			inputFileListPaths = (
			);
			inputPaths = (
				"${PODS_PODFILE_DIR_PATH}/Podfile.lock",
				"${PODS_ROOT}/Manifest.lock",
			);
			name = "[CP] Check Pods Manifest.lock";
			outputFileListPaths = (
			);
			outputPaths = (
				"$(DERIVED_FILE_DIR)/Pods-2MemoryTest-checkManifestLockResult.txt",
			);
			runOnlyForDeploymentPostprocessing = 0;
			shellPath = /bin/sh;
			shellScript = "diff \"${PODS_PODFILE_DIR_PATH}/Podfile.lock\" \"${PODS_ROOT}/Manifest.lock\" > /dev/null\nif [ $? != 0 ] ; then\n    # print error to STDERR\n    echo \"error: The sandbox is not in sync with the Podfile.lock. Run 'pod install' or update your CocoaPods installation.\" >&2\n    exit 1\nfi\n# This output is used by Xcode 'outputs' to avoid re-running this script phase.\necho \"SUCCESS\" > \"${SCRIPT_OUTPUT_FILE_0}\"\n";
			showEnvVarsInLog = 0;
		};
		DA61D5B78167C2A2E2F6E6C7 /* [CP] Embed Pods Frameworks */ = {
			isa = PBXShellScriptBuildPhase;
			buildActionMask = 2147483647;
			files = (
			);
			inputFileListPaths = (
				"${PODS_ROOT}/Target Support Files/Pods-2MemoryTest/Pods-2MemoryTest-frameworks-${CONFIGURATION}-input-files.xcfilelist",
			);
			name = "[CP] Embed Pods Frameworks";
			outputFileListPaths = (
				"${PODS_ROOT}/Target Support Files/Pods-2MemoryTest/Pods-2MemoryTest-frameworks-${CONFIGURATION}-output-files.xcfilelist",
			);
			runOnlyForDeploymentPostprocessing = 0;
			shellPath = /bin/sh;
			shellScript = "\"${PODS_ROOT}/Target Support Files/Pods-2MemoryTest/Pods-2MemoryTest-frameworks.sh\"\n";
			showEnvVarsInLog = 0;
		};
/* End PBXShellScriptBuildPhase section */

/* Begin PBXSourcesBuildPhase section */
		C76CA6B426A9D3160037FB24 /* Sources */ = {
			isa = PBXSourcesBuildPhase;
			buildActionMask = 2147483647;
			files = (
				C76CA6D026A9D9CB0037FB24 /* ContactCell.swift in Sources */,
				C76CA6C026A9D3160037FB24 /* MainViewController.swift in Sources */,
				C76CA6BC26A9D3160037FB24 /* AppDelegate.swift in Sources */,
			);
			runOnlyForDeploymentPostprocessing = 0;
		};
/* End PBXSourcesBuildPhase section */

/* Begin PBXVariantGroup section */
		C76CA6C626A9D3170037FB24 /* LaunchScreen.storyboard */ = {
			isa = PBXVariantGroup;
			children = (
				C76CA6C726A9D3170037FB24 /* Base */,
			);
			name = LaunchScreen.storyboard;
			sourceTree = "<group>";
		};
/* End PBXVariantGroup section */

/* Begin XCBuildConfiguration section */
		C76CA6CA26A9D3170037FB24 /* Debug */ = {
			isa = XCBuildConfiguration;
			buildSettings = {
				ALWAYS_SEARCH_USER_PATHS = NO;
				CLANG_ANALYZER_NONNULL = YES;
				CLANG_ANALYZER_NUMBER_OBJECT_CONVERSION = YES_AGGRESSIVE;
				CLANG_CXX_LANGUAGE_STANDARD = "gnu++14";
				CLANG_CXX_LIBRARY = "libc++";
				CLANG_ENABLE_MODULES = YES;
				CLANG_ENABLE_OBJC_ARC = YES;
				CLANG_ENABLE_OBJC_WEAK = YES;
				CLANG_WARN_BLOCK_CAPTURE_AUTORELEASING = YES;
				CLANG_WARN_BOOL_CONVERSION = YES;
				CLANG_WARN_COMMA = YES;
				CLANG_WARN_CONSTANT_CONVERSION = YES;
				CLANG_WARN_DEPRECATED_OBJC_IMPLEMENTATIONS = YES;
				CLANG_WARN_DIRECT_OBJC_ISA_USAGE = YES_ERROR;
				CLANG_WARN_DOCUMENTATION_COMMENTS = YES;
				CLANG_WARN_EMPTY_BODY = YES;
				CLANG_WARN_ENUM_CONVERSION = YES;
				CLANG_WARN_INFINITE_RECURSION = YES;
				CLANG_WARN_INT_CONVERSION = YES;
				CLANG_WARN_NON_LITERAL_NULL_CONVERSION = YES;
				CLANG_WARN_OBJC_IMPLICIT_RETAIN_SELF = YES;
				CLANG_WARN_OBJC_LITERAL_CONVERSION = YES;
				CLANG_WARN_OBJC_ROOT_CLASS = YES_ERROR;
				CLANG_WARN_QUOTED_INCLUDE_IN_FRAMEWORK_HEADER = YES;
				CLANG_WARN_RANGE_LOOP_ANALYSIS = YES;
				CLANG_WARN_STRICT_PROTOTYPES = YES;
				CLANG_WARN_SUSPICIOUS_MOVE = YES;
				CLANG_WARN_UNGUARDED_AVAILABILITY = YES_AGGRESSIVE;
				CLANG_WARN_UNREACHABLE_CODE = YES;
				CLANG_WARN__DUPLICATE_METHOD_MATCH = YES;
				COPY_PHASE_STRIP = NO;
				DEBUG_INFORMATION_FORMAT = dwarf;
				ENABLE_STRICT_OBJC_MSGSEND = YES;
				ENABLE_TESTABILITY = YES;
				GCC_C_LANGUAGE_STANDARD = gnu11;
				GCC_DYNAMIC_NO_PIC = NO;
				GCC_NO_COMMON_BLOCKS = YES;
				GCC_OPTIMIZATION_LEVEL = 0;
				GCC_PREPROCESSOR_DEFINITIONS = (
					"DEBUG=1",
					"$(inherited)",
				);
				GCC_WARN_64_TO_32_BIT_CONVERSION = YES;
				GCC_WARN_ABOUT_RETURN_TYPE = YES_ERROR;
				GCC_WARN_UNDECLARED_SELECTOR = YES;
				GCC_WARN_UNINITIALIZED_AUTOS = YES_AGGRESSIVE;
				GCC_WARN_UNUSED_FUNCTION = YES;
				GCC_WARN_UNUSED_VARIABLE = YES;
				IPHONEOS_DEPLOYMENT_TARGET = 14.5;
				MTL_ENABLE_DEBUG_INFO = INCLUDE_SOURCE;
				MTL_FAST_MATH = YES;
				ONLY_ACTIVE_ARCH = YES;
				SDKROOT = iphoneos;
				SWIFT_ACTIVE_COMPILATION_CONDITIONS = DEBUG;
				SWIFT_OPTIMIZATION_LEVEL = "-Onone";
			};
			name = Debug;
		};
		C76CA6CB26A9D3170037FB24 /* Release */ = {
			isa = XCBuildConfiguration;
			buildSettings = {
				ALWAYS_SEARCH_USER_PATHS = NO;
				CLANG_ANALYZER_NONNULL = YES;
				CLANG_ANALYZER_NUMBER_OBJECT_CONVERSION = YES_AGGRESSIVE;
				CLANG_CXX_LANGUAGE_STANDARD = "gnu++14";
				CLANG_CXX_LIBRARY = "libc++";
				CLANG_ENABLE_MODULES = YES;
				CLANG_ENABLE_OBJC_ARC = YES;
				CLANG_ENABLE_OBJC_WEAK = YES;
				CLANG_WARN_BLOCK_CAPTURE_AUTORELEASING = YES;
				CLANG_WARN_BOOL_CONVERSION = YES;
				CLANG_WARN_COMMA = YES;
				CLANG_WARN_CONSTANT_CONVERSION = YES;
				CLANG_WARN_DEPRECATED_OBJC_IMPLEMENTATIONS = YES;
				CLANG_WARN_DIRECT_OBJC_ISA_USAGE = YES_ERROR;
				CLANG_WARN_DOCUMENTATION_COMMENTS = YES;
				CLANG_WARN_EMPTY_BODY = YES;
				CLANG_WARN_ENUM_CONVERSION = YES;
				CLANG_WARN_INFINITE_RECURSION = YES;
				CLANG_WARN_INT_CONVERSION = YES;
				CLANG_WARN_NON_LITERAL_NULL_CONVERSION = YES;
				CLANG_WARN_OBJC_IMPLICIT_RETAIN_SELF = YES;
				CLANG_WARN_OBJC_LITERAL_CONVERSION = YES;
				CLANG_WARN_OBJC_ROOT_CLASS = YES_ERROR;
				CLANG_WARN_QUOTED_INCLUDE_IN_FRAMEWORK_HEADER = YES;
				CLANG_WARN_RANGE_LOOP_ANALYSIS = YES;
				CLANG_WARN_STRICT_PROTOTYPES = YES;
				CLANG_WARN_SUSPICIOUS_MOVE = YES;
				CLANG_WARN_UNGUARDED_AVAILABILITY = YES_AGGRESSIVE;
				CLANG_WARN_UNREACHABLE_CODE = YES;
				CLANG_WARN__DUPLICATE_METHOD_MATCH = YES;
				COPY_PHASE_STRIP = NO;
				DEBUG_INFORMATION_FORMAT = "dwarf-with-dsym";
				ENABLE_NS_ASSERTIONS = NO;
				ENABLE_STRICT_OBJC_MSGSEND = YES;
				GCC_C_LANGUAGE_STANDARD = gnu11;
				GCC_NO_COMMON_BLOCKS = YES;
				GCC_WARN_64_TO_32_BIT_CONVERSION = YES;
				GCC_WARN_ABOUT_RETURN_TYPE = YES_ERROR;
				GCC_WARN_UNDECLARED_SELECTOR = YES;
				GCC_WARN_UNINITIALIZED_AUTOS = YES_AGGRESSIVE;
				GCC_WARN_UNUSED_FUNCTION = YES;
				GCC_WARN_UNUSED_VARIABLE = YES;
				IPHONEOS_DEPLOYMENT_TARGET = 14.5;
				MTL_ENABLE_DEBUG_INFO = NO;
				MTL_FAST_MATH = YES;
				SDKROOT = iphoneos;
				SWIFT_COMPILATION_MODE = wholemodule;
				SWIFT_OPTIMIZATION_LEVEL = "-O";
				VALIDATE_PRODUCT = YES;
			};
			name = Release;
		};
		C76CA6CD26A9D3170037FB24 /* Debug */ = {
			isa = XCBuildConfiguration;
			baseConfigurationReference = D083F6A1428B7732DF52F1FD /* Pods-2MemoryTest.debug.xcconfig */;
			buildSettings = {
				ASSETCATALOG_COMPILER_APPICON_NAME = AppIcon;
				ASSETCATALOG_COMPILER_GLOBAL_ACCENT_COLOR_NAME = AccentColor;
				CODE_SIGN_STYLE = Automatic;
				DEVELOPMENT_TEAM = SN4W946MBP;
				INFOPLIST_FILE = 2MemoryTest/Info.plist;
				LD_RUNPATH_SEARCH_PATHS = (
					"$(inherited)",
					"@executable_path/Frameworks",
				);
				PRODUCT_BUNDLE_IDENTIFIER = "com.philipGurin.-MemoryTest";
				PRODUCT_NAME = "$(TARGET_NAME)";
				SWIFT_VERSION = 5.0;
				TARGETED_DEVICE_FAMILY = "1,2";
			};
			name = Debug;
		};
		C76CA6CE26A9D3170037FB24 /* Release */ = {
			isa = XCBuildConfiguration;
			baseConfigurationReference = 05A2AA0B9756A7A9EB9A61B4 /* Pods-2MemoryTest.release.xcconfig */;
			buildSettings = {
				ASSETCATALOG_COMPILER_APPICON_NAME = AppIcon;
				ASSETCATALOG_COMPILER_GLOBAL_ACCENT_COLOR_NAME = AccentColor;
				CODE_SIGN_STYLE = Automatic;
				DEVELOPMENT_TEAM = SN4W946MBP;
				INFOPLIST_FILE = 2MemoryTest/Info.plist;
				LD_RUNPATH_SEARCH_PATHS = (
					"$(inherited)",
					"@executable_path/Frameworks",
				);
				PRODUCT_BUNDLE_IDENTIFIER = "com.philipGurin.-MemoryTest";
				PRODUCT_NAME = "$(TARGET_NAME)";
				SWIFT_VERSION = 5.0;
				TARGETED_DEVICE_FAMILY = "1,2";
			};
			name = Release;
		};
/* End XCBuildConfiguration section */

/* Begin XCConfigurationList section */
		C76CA6B326A9D3160037FB24 /* Build configuration list for PBXProject "2MemoryTest" */ = {
			isa = XCConfigurationList;
			buildConfigurations = (
				C76CA6CA26A9D3170037FB24 /* Debug */,
				C76CA6CB26A9D3170037FB24 /* Release */,
			);
			defaultConfigurationIsVisible = 0;
			defaultConfigurationName = Release;
		};
		C76CA6CC26A9D3170037FB24 /* Build configuration list for PBXNativeTarget "2MemoryTest" */ = {
			isa = XCConfigurationList;
			buildConfigurations = (
				C76CA6CD26A9D3170037FB24 /* Debug */,
				C76CA6CE26A9D3170037FB24 /* Release */,
			);
			defaultConfigurationIsVisible = 0;
			defaultConfigurationName = Release;
		};
/* End XCConfigurationList section */
	};
	rootObject = C76CA6B026A9D3160037FB24 /* Project object */;
}
